// !$*UTF8*$!
{
	archiveVersion = 1;
	classes = {
	};
	objectVersion = 50;
	objects = {

/* Begin PBXBuildFile section */
		204D72EC2425C86500E24D9B /* AppDelegate.m in Sources */ = {isa = PBXBuildFile; fileRef = 204D72EB2425C86500E24D9B /* AppDelegate.m */; };
		204D72F22425C86500E24D9B /* ViewController.m in Sources */ = {isa = PBXBuildFile; fileRef = 204D72F12425C86500E24D9B /* ViewController.m */; };
		204D72F52425C86500E24D9B /* Main.storyboard in Resources */ = {isa = PBXBuildFile; fileRef = 204D72F32425C86500E24D9B /* Main.storyboard */; };
		204D72F72425C86700E24D9B /* Assets.xcassets in Resources */ = {isa = PBXBuildFile; fileRef = 204D72F62425C86700E24D9B /* Assets.xcassets */; };
		204D72FA2425C86700E24D9B /* LaunchScreen.storyboard in Resources */ = {isa = PBXBuildFile; fileRef = 204D72F82425C86700E24D9B /* LaunchScreen.storyboard */; };
		204D72FD2425C86700E24D9B /* main.m in Sources */ = {isa = PBXBuildFile; fileRef = 204D72FC2425C86700E24D9B /* main.m */; };
		204D73062425CD4500E24D9B /* MatchProessView.m in Sources */ = {isa = PBXBuildFile; fileRef = 204D73052425CD4500E24D9B /* MatchProessView.m */; };
/* End PBXBuildFile section */

/* Begin PBXFileReference section */
		204D72E72425C86500E24D9B /* matchDemo.app */ = {isa = PBXFileReference; explicitFileType = wrapper.application; includeInIndex = 0; path = matchDemo.app; sourceTree = BUILT_PRODUCTS_DIR; };
		204D72EA2425C86500E24D9B /* AppDelegate.h */ = {isa = PBXFileReference; lastKnownFileType = sourcecode.c.h; path = AppDelegate.h; sourceTree = "<group>"; };
		204D72EB2425C86500E24D9B /* AppDelegate.m */ = {isa = PBXFileReference; lastKnownFileType = sourcecode.c.objc; path = AppDelegate.m; sourceTree = "<group>"; };
		204D72F02425C86500E24D9B /* ViewController.h */ = {isa = PBXFileReference; lastKnownFileType = sourcecode.c.h; path = ViewController.h; sourceTree = "<group>"; };
		204D72F12425C86500E24D9B /* ViewController.m */ = {isa = PBXFileReference; lastKnownFileType = sourcecode.c.objc; path = ViewController.m; sourceTree = "<group>"; };
		204D72F42425C86500E24D9B /* Base */ = {isa = PBXFileReference; lastKnownFileType = file.storyboard; name = Base; path = Base.lproj/Main.storyboard; sourceTree = "<group>"; };
		204D72F62425C86700E24D9B /* Assets.xcassets */ = {isa = PBXFileReference; lastKnownFileType = folder.assetcatalog; path = Assets.xcassets; sourceTree = "<group>"; };
		204D72F92425C86700E24D9B /* Base */ = {isa = PBXFileReference; lastKnownFileType = file.storyboard; name = Base; path = Base.lproj/LaunchScreen.storyboard; sourceTree = "<group>"; };
		204D72FB2425C86700E24D9B /* Info.plist */ = {isa = PBXFileReference; lastKnownFileType = text.plist.xml; path = Info.plist; sourceTree = "<group>"; };
		204D72FC2425C86700E24D9B /* main.m */ = {isa = PBXFileReference; lastKnownFileType = sourcecode.c.objc; path = main.m; sourceTree = "<group>"; };
		204D73042425CD4500E24D9B /* MatchProessView.h */ = {isa = PBXFileReference; lastKnownFileType = sourcecode.c.h; path = MatchProessView.h; sourceTree = "<group>"; };
		204D73052425CD4500E24D9B /* MatchProessView.m */ = {isa = PBXFileReference; lastKnownFileType = sourcecode.c.objc; path = MatchProessView.m; sourceTree = "<group>"; };
/* End PBXFileReference section */

/* Begin PBXFrameworksBuildPhase section */
		204D72E42425C86500E24D9B /* Frameworks */ = {
			isa = PBXFrameworksBuildPhase;
			buildActionMask = 2147483647;
			files = (
			);
			runOnlyForDeploymentPostprocessing = 0;
		};
/* End PBXFrameworksBuildPhase section */

/* Begin PBXGroup section */
		204D72DE2425C86500E24D9B = {
			isa = PBXGroup;
			children = (
				204D72E92425C86500E24D9B /* matchDemo */,
				204D72E82425C86500E24D9B /* Products */,
			);
			sourceTree = "<group>";
		};
		204D72E82425C86500E24D9B /* Products */ = {
			isa = PBXGroup;
			children = (
				204D72E72425C86500E24D9B /* matchDemo.app */,
			);
			name = Products;
			sourceTree = "<group>";
		};
		204D72E92425C86500E24D9B /* matchDemo */ = {
			isa = PBXGroup;
			children = (
				204D73032425CD2200E24D9B /* MatchProessView */,
				204D72EA2425C86500E24D9B /* AppDelegate.h */,
				204D72EB2425C86500E24D9B /* AppDelegate.m */,
				204D72F02425C86500E24D9B /* ViewController.h */,
				204D72F12425C86500E24D9B /* ViewController.m */,
				204D72F32425C86500E24D9B /* Main.storyboard */,
				204D72F62425C86700E24D9B /* Assets.xcassets */,
				204D72F82425C86700E24D9B /* LaunchScreen.storyboard */,
				204D72FB2425C86700E24D9B /* Info.plist */,
				204D72FC2425C86700E24D9B /* main.m */,
			);
			path = matchDemo;
			sourceTree = "<group>";
		};
		204D73032425CD2200E24D9B /* MatchProessView */ = {
			isa = PBXGroup;
			children = (
				204D73042425CD4500E24D9B /* MatchProessView.h */,
				204D73052425CD4500E24D9B /* MatchProessView.m */,
			);
			path = MatchProessView;
			sourceTree = "<group>";
		};
/* End PBXGroup section */

/* Begin PBXNativeTarget section */
		204D72E62425C86500E24D9B /* matchDemo */ = {
			isa = PBXNativeTarget;
			buildConfigurationList = 204D73002425C86700E24D9B /* Build configuration list for PBXNativeTarget "matchDemo" */;
			buildPhases = (
				204D72E32425C86500E24D9B /* Sources */,
				204D72E42425C86500E24D9B /* Frameworks */,
				204D72E52425C86500E24D9B /* Resources */,
			);
			buildRules = (
			);
			dependencies = (
			);
			name = matchDemo;
			productName = matchDemo;
			productReference = 204D72E72425C86500E24D9B /* matchDemo.app */;
			productType = "com.apple.product-type.application";
		};
/* End PBXNativeTarget section */

/* Begin PBXProject section */
		204D72DF2425C86500E24D9B /* Project object */ = {
			isa = PBXProject;
			attributes = {
				LastUpgradeCheck = 1120;
				ORGANIZATIONNAME = xiaoxuan;
				TargetAttributes = {
					204D72E62425C86500E24D9B = {
						CreatedOnToolsVersion = 11.2.1;
					};
				};
			};
			buildConfigurationList = 204D72E22425C86500E24D9B /* Build configuration list for PBXProject "matchDemo" */;
			compatibilityVersion = "Xcode 9.3";
			developmentRegion = en;
			hasScannedForEncodings = 0;
			knownRegions = (
				en,
				Base,
			);
			mainGroup = 204D72DE2425C86500E24D9B;
			productRefGroup = 204D72E82425C86500E24D9B /* Products */;
			projectDirPath = "";
			projectRoot = "";
			targets = (
				204D72E62425C86500E24D9B /* matchDemo */,
			);
		};
/* End PBXProject section */

/* Begin PBXResourcesBuildPhase section */
		204D72E52425C86500E24D9B /* Resources */ = {
			isa = PBXResourcesBuildPhase;
			buildActionMask = 2147483647;
			files = (
				204D72FA2425C86700E24D9B /* LaunchScreen.storyboard in Resources */,
				204D72F72425C86700E24D9B /* Assets.xcassets in Resources */,
				204D72F52425C86500E24D9B /* Main.storyboard in Resources */,
			);
			runOnlyForDeploymentPostprocessing = 0;
		};
/* End PBXResourcesBuildPhase section */

/* Begin PBXSourcesBuildPhase section */
		204D72E32425C86500E24D9B /* Sources */ = {
			isa = PBXSourcesBuildPhase;
			buildActionMask = 2147483647;
			files = (
				204D73062425CD4500E24D9B /* MatchProessView.m in Sources */,
				204D72F22425C86500E24D9B /* ViewController.m in Sources */,
				204D72EC2425C86500E24D9B /* AppDelegate.m in Sources */,
				204D72FD2425C86700E24D9B /* main.m in Sources */,
			);
			runOnlyForDeploymentPostprocessing = 0;
		};
/* End PBXSourcesBuildPhase section */

/* Begin PBXVariantGroup section */
		204D72F32425C86500E24D9B /* Main.storyboard */ = {
			isa = PBXVariantGroup;
			children = (
				204D72F42425C86500E24D9B /* Base */,
			);
			name = Main.storyboard;
			sourceTree = "<group>";
		};
		204D72F82425C86700E24D9B /* LaunchScreen.storyboard */ = {
			isa = PBXVariantGroup;
			children = (
				204D72F92425C86700E24D9B /* Base */,
			);
			name = LaunchScreen.storyboard;
			sourceTree = "<group>";
		};
/* End PBXVariantGroup section */

/* Begin XCBuildConfiguration section */
		204D72FE2425C86700E24D9B /* Debug */ = {
			isa = XCBuildConfiguration;
			buildSettings = {
				ALWAYS_SEARCH_USER_PATHS = NO;
				CLANG_ANALYZER_NONNULL = YES;
				CLANG_ANALYZER_NUMBER_OBJECT_CONVERSION = YES_AGGRESSIVE;
				CLANG_CXX_LANGUAGE_STANDARD = "gnu++14";
				CLANG_CXX_LIBRARY = "libc++";
				CLANG_ENABLE_MODULES = YES;
				CLANG_ENABLE_OBJC_ARC = YES;
				CLANG_ENABLE_OBJC_WEAK = YES;
				CLANG_WARN_BLOCK_CAPTURE_AUTORELEASING = YES;
				CLANG_WARN_BOOL_CONVERSION = YES;
				CLANG_WARN_COMMA = YES;
				CLANG_WARN_CONSTANT_CONVERSION = YES;
				CLANG_WARN_DEPRECATED_OBJC_IMPLEMENTATIONS = YES;
				CLANG_WARN_DIRECT_OBJC_ISA_USAGE = YES_ERROR;
				CLANG_WARN_DOCUMENTATION_COMMENTS = YES;
				CLANG_WARN_EMPTY_BODY = YES;
				CLANG_WARN_ENUM_CONVERSION = YES;
				CLANG_WARN_INFINITE_RECURSION = YES;
				CLANG_WARN_INT_CONVERSION = YES;
				CLANG_WARN_NON_LITERAL_NULL_CONVERSION = YES;
				CLANG_WARN_OBJC_IMPLICIT_RETAIN_SELF = YES;
				CLANG_WARN_OBJC_LITERAL_CONVERSION = YES;
				CLANG_WARN_OBJC_ROOT_CLASS = YES_ERROR;
				CLANG_WARN_RANGE_LOOP_ANALYSIS = YES;
				CLANG_WARN_STRICT_PROTOTYPES = YES;
				CLANG_WARN_SUSPICIOUS_MOVE = YES;
				CLANG_WARN_UNGUARDED_AVAILABILITY = YES_AGGRESSIVE;
				CLANG_WARN_UNREACHABLE_CODE = YES;
				CLANG_WARN__DUPLICATE_METHOD_MATCH = YES;
				COPY_PHASE_STRIP = NO;
				DEBUG_INFORMATION_FORMAT = dwarf;
				ENABLE_STRICT_OBJC_MSGSEND = YES;
				ENABLE_TESTABILITY = YES;
				GCC_C_LANGUAGE_STANDARD = gnu11;
				GCC_DYNAMIC_NO_PIC = NO;
				GCC_NO_COMMON_BLOCKS = YES;
				GCC_OPTIMIZATION_LEVEL = 0;
				GCC_PREPROCESSOR_DEFINITIONS = (
					"DEBUG=1",
					"$(inherited)",
				);
				GCC_WARN_64_TO_32_BIT_CONVERSION = YES;
				GCC_WARN_ABOUT_RETURN_TYPE = YES_ERROR;
				GCC_WARN_UNDECLARED_SELECTOR = YES;
				GCC_WARN_UNINITIALIZED_AUTOS = YES_AGGRESSIVE;
				GCC_WARN_UNUSED_FUNCTION = YES;
				GCC_WARN_UNUSED_VARIABLE = YES;
				IPHONEOS_DEPLOYMENT_TARGET = 13.2;
				MTL_ENABLE_DEBUG_INFO = INCLUDE_SOURCE;
				MTL_FAST_MATH = YES;
				ONLY_ACTIVE_ARCH = YES;
				SDKROOT = iphoneos;
			};
			name = Debug;
		};
		204D72FF2425C86700E24D9B /* Release */ = {
			isa = XCBuildConfiguration;
			buildSettings = {
				ALWAYS_SEARCH_USER_PATHS = NO;
				CLANG_ANALYZER_NONNULL = YES;
				CLANG_ANALYZER_NUMBER_OBJECT_CONVERSION = YES_AGGRESSIVE;
				CLANG_CXX_LANGUAGE_STANDARD = "gnu++14";
				CLANG_CXX_LIBRARY = "libc++";
				CLANG_ENABLE_MODULES = YES;
				CLANG_ENABLE_OBJC_ARC = YES;
				CLANG_ENABLE_OBJC_WEAK = YES;
				CLANG_WARN_BLOCK_CAPTURE_AUTORELEASING = YES;
				CLANG_WARN_BOOL_CONVERSION = YES;
				CLANG_WARN_COMMA = YES;
				CLANG_WARN_CONSTANT_CONVERSION = YES;
				CLANG_WARN_DEPRECATED_OBJC_IMPLEMENTATIONS = YES;
				CLANG_WARN_DIRECT_OBJC_ISA_USAGE = YES_ERROR;
				CLANG_WARN_DOCUMENTATION_COMMENTS = YES;
				CLANG_WARN_EMPTY_BODY = YES;
				CLANG_WARN_ENUM_CONVERSION = YES;
				CLANG_WARN_INFINITE_RECURSION = YES;
				CLANG_WARN_INT_CONVERSION = YES;
				CLANG_WARN_NON_LITERAL_NULL_CONVERSION = YES;
				CLANG_WARN_OBJC_IMPLICIT_RETAIN_SELF = YES;
				CLANG_WARN_OBJC_LITERAL_CONVERSION = YES;
				CLANG_WARN_OBJC_ROOT_CLASS = YES_ERROR;
				CLANG_WARN_RANGE_LOOP_ANALYSIS = YES;
				CLANG_WARN_STRICT_PROTOTYPES = YES;
				CLANG_WARN_SUSPICIOUS_MOVE = YES;
				CLANG_WARN_UNGUARDED_AVAILABILITY = YES_AGGRESSIVE;
				CLANG_WARN_UNREACHABLE_CODE = YES;
				CLANG_WARN__DUPLICATE_METHOD_MATCH = YES;
				COPY_PHASE_STRIP = NO;
				DEBUG_INFORMATION_FORMAT = "dwarf-with-dsym";
				ENABLE_NS_ASSERTIONS = NO;
				ENABLE_STRICT_OBJC_MSGSEND = YES;
				GCC_C_LANGUAGE_STANDARD = gnu11;
				GCC_NO_COMMON_BLOCKS = YES;
				GCC_WARN_64_TO_32_BIT_CONVERSION = YES;
				GCC_WARN_ABOUT_RETURN_TYPE = YES_ERROR;
				GCC_WARN_UNDECLARED_SELECTOR = YES;
				GCC_WARN_UNINITIALIZED_AUTOS = YES_AGGRESSIVE;
				GCC_WARN_UNUSED_FUNCTION = YES;
				GCC_WARN_UNUSED_VARIABLE = YES;
				IPHONEOS_DEPLOYMENT_TARGET = 13.2;
				MTL_ENABLE_DEBUG_INFO = NO;
				MTL_FAST_MATH = YES;
				SDKROOT = iphoneos;
				VALIDATE_PRODUCT = YES;
			};
			name = Release;
		};
		204D73012425C86700E24D9B /* Debug */ = {
			isa = XCBuildConfiguration;
			buildSettings = {
				ASSETCATALOG_COMPILER_APPICON_NAME = AppIcon;
				CODE_SIGN_STYLE = Automatic;
				DEVELOPMENT_TEAM = D68UKKCT36;
				INFOPLIST_FILE = matchDemo/Info.plist;
				LD_RUNPATH_SEARCH_PATHS = (
					"$(inherited)",
					"@executable_path/Frameworks",
				);
				PRODUCT_BUNDLE_IDENTIFIER = com.match.tt.com.matchDemo;
				PRODUCT_NAME = "$(TARGET_NAME)";
				TARGETED_DEVICE_FAMILY = 1;
			};
			name = Debug;
		};
		204D73022425C86700E24D9B /* Release */ = {
			isa = XCBuildConfiguration;
			buildSettings = {
				ASSETCATALOG_COMPILER_APPICON_NAME = AppIcon;
				CODE_SIGN_STYLE = Automatic;
				DEVELOPMENT_TEAM = D68UKKCT36;
				INFOPLIST_FILE = matchDemo/Info.plist;
				LD_RUNPATH_SEARCH_PATHS = (
					"$(inherited)",
					"@executable_path/Frameworks",
				);
				PRODUCT_BUNDLE_IDENTIFIER = com.match.tt.com.matchDemo;
				PRODUCT_NAME = "$(TARGET_NAME)";
				TARGETED_DEVICE_FAMILY = 1;
			};
			name = Release;
		};
/* End XCBuildConfiguration section */

/* Begin XCConfigurationList section */
		204D72E22425C86500E24D9B /* Build configuration list for PBXProject "matchDemo" */ = {
			isa = XCConfigurationList;
			buildConfigurations = (
				204D72FE2425C86700E24D9B /* Debug */,
				204D72FF2425C86700E24D9B /* Release */,
			);
			defaultConfigurationIsVisible = 0;
			defaultConfigurationName = Release;
		};
		204D73002425C86700E24D9B /* Build configuration list for PBXNativeTarget "matchDemo" */ = {
			isa = XCConfigurationList;
			buildConfigurations = (
				204D73012425C86700E24D9B /* Debug */,
				204D73022425C86700E24D9B /* Release */,
			);
			defaultConfigurationIsVisible = 0;
			defaultConfigurationName = Release;
		};
/* End XCConfigurationList section */
	};
	rootObject = 204D72DF2425C86500E24D9B /* Project object */;
}
